Microsoft Visual Studio Solution File, Format Version 11.00
# Visual Studio 2008

Project("{A08FD734-BFEB-4B8E-CC4D-CBF905E09BFD}") = "simplegame", "Assembly-CSharp.csproj", "{1BE7B359-A06E-822D-EC16-9C9E1400E4CC}"
EndProject
Global
	GlobalSection(SolutionConfigurationPlatforms) = preSolution
		Debug|Any CPU = Debug|Any CPU
		Release|Any CPU = Release|Any CPU
	EndGlobalSection
	GlobalSection(ProjectConfigurationPlatforms) = postSolution
		{1BE7B359-A06E-822D-EC16-9C9E1400E4CC}.Debug|Any CPU.ActiveCfg = Debug|Any CPU
		{1BE7B359-A06E-822D-EC16-9C9E1400E4CC}.Debug|Any CPU.Build.0 = Debug|Any CPU
		{1BE7B359-A06E-822D-EC16-9C9E1400E4CC}.Release|Any CPU.ActiveCfg = Release|Any CPU
		{1BE7B359-A06E-822D-EC16-9C9E1400E4CC}.Release|Any CPU.Build.0 = Release|Any CPU
	EndGlobalSection
	GlobalSection(SolutionProperties) = preSolution
		HideSolutionNode = FALSE
	EndGlobalSection
	GlobalSection(MonoDevelopProperties) = preSolution
		StartupItem = Assembly-CSharp.csproj
	EndGlobalSection
EndGlobal
